dependencies:
- name: postgresql
  repository: https://raw.githubusercontent.com/bitnami/charts/eb5f9a9513d987b519f0ecd732e7031241c50328/bitnami
  version: 10.2.0
- name: redis
  repository: https://raw.githubusercontent.com/bitnami/charts/eb5f9a9513d987b519f0ecd732e7031241c50328/bitnami
  version: 12.3.0
digest: sha256:4753ec70548dca1a30695ae78adf672c211a6395aa245e6be21fb6535d0b7d01
generated: "2023-01-03T14:23:35.894724+07:00"
